
Microsoft Visual Studio Solution File, Format Version 12.00
# Visual Studio Version 17
VisualStudioVersion = 17.13.35913.81
MinimumVisualStudioVersion = 10.0.40219.1
Project("{FAE04EC0-301F-11D3-BF4B-00C04F79EFBC}") = "Calculadora", "Calculadora.csproj", "{63EC7ABA-28D7-4CA8-B92E-51CBF00F18B4}"
EndProject
Global
	GlobalSection(SolutionConfigurationPlatforms) = preSolution
		Debug|Any CPU = Debug|Any CPU
		Release|Any CPU = Release|Any CPU
	EndGlobalSection
	GlobalSection(ProjectConfigurationPlatforms) = postSolution
		{63EC7ABA-28D7-4CA8-B92E-51CBF00F18B4}.Debug|Any CPU.ActiveCfg = Debug|Any CPU
		{63EC7ABA-28D7-4CA8-B92E-51CBF00F18B4}.Debug|Any CPU.Build.0 = Debug|Any CPU
		{63EC7ABA-28D7-4CA8-B92E-51CBF00F18B4}.Release|Any CPU.ActiveCfg = Release|Any CPU
		{63EC7ABA-28D7-4CA8-B92E-51CBF00F18B4}.Release|Any CPU.Build.0 = Release|Any CPU
	EndGlobalSection
	GlobalSection(SolutionProperties) = preSolution
		HideSolutionNode = FALSE
	EndGlobalSection
	GlobalSection(ExtensibilityGlobals) = postSolution
		SolutionGuid = {47387C93-C8B7-4E21-BFA0-83E096A048F3}
	EndGlobalSection
EndGlobal
